
Microsoft Visual Studio Solution File, Format Version 12.00
# Visual Studio Version 17
VisualStudioVersion = 17.9.34728.123
MinimumVisualStudioVersion = 10.0.40219.1
Project("{FAE04EC0-301F-11D3-BF4B-00C04F79EFBC}") = "AplicacaoWeb", "AplicacaoWeb.csproj", "{79B95BB1-2A02-49CF-8D87-8C128AD4A654}"
EndProject
Global
	GlobalSection(SolutionConfigurationPlatforms) = preSolution
		Debug|Any CPU = Debug|Any CPU
		Release|Any CPU = Release|Any CPU
	EndGlobalSection
	GlobalSection(ProjectConfigurationPlatforms) = postSolution
		{79B95BB1-2A02-49CF-8D87-8C128AD4A654}.Debug|Any CPU.ActiveCfg = Debug|Any CPU
		{79B95BB1-2A02-49CF-8D87-8C128AD4A654}.Debug|Any CPU.Build.0 = Debug|Any CPU
		{79B95BB1-2A02-49CF-8D87-8C128AD4A654}.Release|Any CPU.ActiveCfg = Release|Any CPU
		{79B95BB1-2A02-49CF-8D87-8C128AD4A654}.Release|Any CPU.Build.0 = Release|Any CPU
	EndGlobalSection
	GlobalSection(SolutionProperties) = preSolution
		HideSolutionNode = FALSE
	EndGlobalSection
	GlobalSection(ExtensibilityGlobals) = postSolution
		SolutionGuid = {A9814E69-5FE7-4B36-B06A-E150C35C3D77}
	EndGlobalSection
EndGlobal
